
Microsoft Visual Studio Solution File, Format Version 12.00
# Visual Studio Version 16
VisualStudioVersion = 16.0.29728.190
MinimumVisualStudioVersion = 10.0.40219.1
Project("{9A19103F-16F7-4668-BE54-9A1E7A4F7556}") = "KonoeStudio.Libs.Hid", "KonoeStudio.Libs.Hid\KonoeStudio.Libs.Hid.csproj", "{2308BCFF-3087-4657-87E1-AB83F812D744}"
EndProject
Project("{FAE04EC0-301F-11D3-BF4B-00C04F79EFBC}") = "KonoeStudio.Demo.Hid", "KonoeStudio.Demo.Hid\KonoeStudio.Demo.Hid.csproj", "{03835D76-E896-434E-A3FF-A97D18E80A29}"
EndProject
Project("{FAE04EC0-301F-11D3-BF4B-00C04F79EFBC}") = "KonoeStudio.Tests.Hid", "KonoeStudio.Tests.Hid\KonoeStudio.Tests.Hid.csproj", "{2C47D0E5-0056-41F3-8F23-2D27E6BBBD3E}"
EndProject
Global
	GlobalSection(SolutionConfigurationPlatforms) = preSolution
		Debug|Any CPU = Debug|Any CPU
		Debug|x64 = Debug|x64
		Release|Any CPU = Release|Any CPU
		Release|x64 = Release|x64
	EndGlobalSection
	GlobalSection(ProjectConfigurationPlatforms) = postSolution
		{2308BCFF-3087-4657-87E1-AB83F812D744}.Debug|Any CPU.ActiveCfg = Debug|Any CPU
		{2308BCFF-3087-4657-87E1-AB83F812D744}.Debug|Any CPU.Build.0 = Debug|Any CPU
		{2308BCFF-3087-4657-87E1-AB83F812D744}.Debug|x64.ActiveCfg = Debug|Any CPU
		{2308BCFF-3087-4657-87E1-AB83F812D744}.Debug|x64.Build.0 = Debug|Any CPU
		{2308BCFF-3087-4657-87E1-AB83F812D744}.Release|Any CPU.ActiveCfg = Release|Any CPU
		{2308BCFF-3087-4657-87E1-AB83F812D744}.Release|Any CPU.Build.0 = Release|Any CPU
		{2308BCFF-3087-4657-87E1-AB83F812D744}.Release|x64.ActiveCfg = Release|Any CPU
		{2308BCFF-3087-4657-87E1-AB83F812D744}.Release|x64.Build.0 = Release|Any CPU
		{03835D76-E896-434E-A3FF-A97D18E80A29}.Debug|Any CPU.ActiveCfg = Debug|Any CPU
		{03835D76-E896-434E-A3FF-A97D18E80A29}.Debug|Any CPU.Build.0 = Debug|Any CPU
		{03835D76-E896-434E-A3FF-A97D18E80A29}.Debug|x64.ActiveCfg = Debug|Any CPU
		{03835D76-E896-434E-A3FF-A97D18E80A29}.Debug|x64.Build.0 = Debug|Any CPU
		{03835D76-E896-434E-A3FF-A97D18E80A29}.Release|Any CPU.ActiveCfg = Release|Any CPU
		{03835D76-E896-434E-A3FF-A97D18E80A29}.Release|Any CPU.Build.0 = Release|Any CPU
		{03835D76-E896-434E-A3FF-A97D18E80A29}.Release|x64.ActiveCfg = Release|Any CPU
		{03835D76-E896-434E-A3FF-A97D18E80A29}.Release|x64.Build.0 = Release|Any CPU
		{2C47D0E5-0056-41F3-8F23-2D27E6BBBD3E}.Debug|Any CPU.ActiveCfg = Debug|Any CPU
		{2C47D0E5-0056-41F3-8F23-2D27E6BBBD3E}.Debug|Any CPU.Build.0 = Debug|Any CPU
		{2C47D0E5-0056-41F3-8F23-2D27E6BBBD3E}.Debug|x64.ActiveCfg = Debug|Any CPU
		{2C47D0E5-0056-41F3-8F23-2D27E6BBBD3E}.Debug|x64.Build.0 = Debug|Any CPU
		{2C47D0E5-0056-41F3-8F23-2D27E6BBBD3E}.Release|Any CPU.ActiveCfg = Release|Any CPU
		{2C47D0E5-0056-41F3-8F23-2D27E6BBBD3E}.Release|Any CPU.Build.0 = Release|Any CPU
		{2C47D0E5-0056-41F3-8F23-2D27E6BBBD3E}.Release|x64.ActiveCfg = Release|Any CPU
		{2C47D0E5-0056-41F3-8F23-2D27E6BBBD3E}.Release|x64.Build.0 = Release|Any CPU
	EndGlobalSection
	GlobalSection(SolutionProperties) = preSolution
		HideSolutionNode = FALSE
	EndGlobalSection
	GlobalSection(ExtensibilityGlobals) = postSolution
		SolutionGuid = {A9F09900-61C2-4FD8-8252-5C0948A16432}
	EndGlobalSection
EndGlobal
